// !$*UTF8*$!
{
	archiveVersion = 1;
	classes = {
	};
	objectVersion = 77;
	objects = {

/* Begin PBXBuildFile section */
		DAA954C22FB27E9900B8C6EA /* KeyboardShortcuts in Frameworks */ = {isa = PBXBuildFile; productRef = DAA954C12FB27E9900B8C6EA /* KeyboardShortcuts */; };
		DAA954CB2FB2865800B8C6EA /* Assets.xcassets in Resources */ = {isa = PBXBuildFile; fileRef = DAA954C32FB2865800B8C6EA /* Assets.xcassets */; };
		DAA954CC2FB2865800B8C6EA /* CaffeineManager.swift in Sources */ = {isa = PBXBuildFile; fileRef = DAA954C42FB2865800B8C6EA /* CaffeineManager.swift */; };
		DAA954CD2FB2865800B8C6EA /* MenuView.swift in Sources */ = {isa = PBXBuildFile; fileRef = DAA954C62FB2865800B8C6EA /* MenuView.swift */; };
		DAA954CE2FB2865800B8C6EA /* SettingsView.swift in Sources */ = {isa = PBXBuildFile; fileRef = DAA954C92FB2865800B8C6EA /* SettingsView.swift */; };
		DAA954CF2FB2865800B8C6EA /* ContentView.swift in Sources */ = {isa = PBXBuildFile; fileRef = DAA954C52FB2865800B8C6EA /* ContentView.swift */; };
		DAA954D02FB2865800B8C6EA /* Models.swift in Sources */ = {isa = PBXBuildFile; fileRef = DAA954C72FB2865800B8C6EA /* Models.swift */; };
		DAA954D12FB2865800B8C6EA /* savrApp.swift in Sources */ = {isa = PBXBuildFile; fileRef = DAA954C82FB2865800B8C6EA /* savrApp.swift */; };
/* End PBXBuildFile section */

/* Begin PBXFileReference section */
		DAA954A92FB27AF600B8C6EA /* savr.app */ = {isa = PBXFileReference; explicitFileType = wrapper.application; includeInIndex = 0; path = savr.app; sourceTree = BUILT_PRODUCTS_DIR; };
		DAA954C32FB2865800B8C6EA /* Assets.xcassets */ = {isa = PBXFileReference; lastKnownFileType = folder.assetcatalog; path = Assets.xcassets; sourceTree = "<group>"; };
		DAA954C42FB2865800B8C6EA /* CaffeineManager.swift */ = {isa = PBXFileReference; lastKnownFileType = sourcecode.swift; path = CaffeineManager.swift; sourceTree = "<group>"; };
		DAA954C52FB2865800B8C6EA /* ContentView.swift */ = {isa = PBXFileReference; lastKnownFileType = sourcecode.swift; path = ContentView.swift; sourceTree = "<group>"; };
		DAA954C62FB2865800B8C6EA /* MenuView.swift */ = {isa = PBXFileReference; lastKnownFileType = sourcecode.swift; path = MenuView.swift; sourceTree = "<group>"; };
		DAA954C72FB2865800B8C6EA /* Models.swift */ = {isa = PBXFileReference; lastKnownFileType = sourcecode.swift; path = Models.swift; sourceTree = "<group>"; };
		DAA954C82FB2865800B8C6EA /* savrApp.swift */ = {isa = PBXFileReference; lastKnownFileType = sourcecode.swift; path = savrApp.swift; sourceTree = "<group>"; };
		DAA954C92FB2865800B8C6EA /* SettingsView.swift */ = {isa = PBXFileReference; lastKnownFileType = sourcecode.swift; path = SettingsView.swift; sourceTree = "<group>"; };
/* End PBXFileReference section */

/* Begin PBXFileSystemSynchronizedRootGroup section */
		DAA954AB2FB27AF600B8C6EA /* savr */ = {
			isa = PBXFileSystemSynchronizedRootGroup;
			path = savr;
			sourceTree = "<group>";
		};
/* End PBXFileSystemSynchronizedRootGroup section */

/* Begin PBXFrameworksBuildPhase section */
		DAA954A62FB27AF600B8C6EA /* Frameworks */ = {
			isa = PBXFrameworksBuildPhase;
			buildActionMask = 2147483647;
			files = (
				DAA954C22FB27E9900B8C6EA /* KeyboardShortcuts in Frameworks */,
			);
			runOnlyForDeploymentPostprocessing = 0;
		};
/* End PBXFrameworksBuildPhase section */

/* Begin PBXGroup section */
		DAA954A02FB27AF600B8C6EA = {
			isa = PBXGroup;
			children = (
				DAA954AB2FB27AF600B8C6EA /* savr */,
				DAA954AA2FB27AF600B8C6EA /* Products */,
				DAA954CA2FB2865800B8C6EA /* savr */,
			);
			sourceTree = "<group>";
		};
		DAA954AA2FB27AF600B8C6EA /* Products */ = {
			isa = PBXGroup;
			children = (
				DAA954A92FB27AF600B8C6EA /* savr.app */,
			);
			name = Products;
			sourceTree = "<group>";
		};
		DAA954CA2FB2865800B8C6EA /* savr */ = {
			isa = PBXGroup;
			children = (
				DAA954C32FB2865800B8C6EA /* Assets.xcassets */,
				DAA954C42FB2865800B8C6EA /* CaffeineManager.swift */,
				DAA954C52FB2865800B8C6EA /* ContentView.swift */,
				DAA954C62FB2865800B8C6EA /* MenuView.swift */,
				DAA954C72FB2865800B8C6EA /* Models.swift */,
				DAA954C82FB2865800B8C6EA /* savrApp.swift */,
				DAA954C92FB2865800B8C6EA /* SettingsView.swift */,
			);
			path = savr;
			sourceTree = "<group>";
		};
/* End PBXGroup section */

/* Begin PBXNativeTarget section */
		DAA954A82FB27AF600B8C6EA /* savr */ = {
			isa = PBXNativeTarget;
			buildConfigurationList = DAA954B42FB27AF800B8C6EA /* Build configuration list for PBXNativeTarget "savr" */;
			buildPhases = (
				DAA954A52FB27AF600B8C6EA /* Sources */,
				DAA954A62FB27AF600B8C6EA /* Frameworks */,
				DAA954A72FB27AF600B8C6EA /* Resources */,
			);
			buildRules = (
			);
			dependencies = (
			);
			fileSystemSynchronizedGroups = (
				DAA954AB2FB27AF600B8C6EA /* savr */,
			);
			name = savr;
			packageProductDependencies = (
				DAA954C12FB27E9900B8C6EA /* KeyboardShortcuts */,
			);
			productName = savr;
			productReference = DAA954A92FB27AF600B8C6EA /* savr.app */;
			productType = "com.apple.product-type.application";
		};
/* End PBXNativeTarget section */

/* Begin PBXProject section */
		DAA954A12FB27AF600B8C6EA /* Project object */ = {
			isa = PBXProject;
			attributes = {
				BuildIndependentTargetsInParallel = 1;
				LastSwiftUpdateCheck = 2640;
				LastUpgradeCheck = 2640;
				TargetAttributes = {
					DAA954A82FB27AF600B8C6EA = {
						CreatedOnToolsVersion = 26.4.1;
					};
				};
			};
			buildConfigurationList = DAA954A42FB27AF600B8C6EA /* Build configuration list for PBXProject "savr" */;
			developmentRegion = en;
			hasScannedForEncodings = 0;
			knownRegions = (
				en,
				Base,
			);
			mainGroup = DAA954A02FB27AF600B8C6EA;
			minimizedProjectReferenceProxies = 1;
			packageReferences = (
				DAA954C02FB27E9900B8C6EA /* XCRemoteSwiftPackageReference "KeyboardShortcuts" */,
			);
			preferredProjectObjectVersion = 77;
			productRefGroup = DAA954AA2FB27AF600B8C6EA /* Products */;
			projectDirPath = "";
			projectRoot = "";
			targets = (
				DAA954A82FB27AF600B8C6EA /* savr */,
			);
		};
/* End PBXProject section */

/* Begin PBXResourcesBuildPhase section */
		DAA954A72FB27AF600B8C6EA /* Resources */ = {
			isa = PBXResourcesBuildPhase;
			buildActionMask = 2147483647;
			files = (
				DAA954CB2FB2865800B8C6EA /* Assets.xcassets in Resources */,
			);
			runOnlyForDeploymentPostprocessing = 0;
		};
/* End PBXResourcesBuildPhase section */

/* Begin PBXSourcesBuildPhase section */
		DAA954A52FB27AF600B8C6EA /* Sources */ = {
			isa = PBXSourcesBuildPhase;
			buildActionMask = 2147483647;
			files = (
				DAA954CC2FB2865800B8C6EA /* CaffeineManager.swift in Sources */,
				DAA954CD2FB2865800B8C6EA /* MenuView.swift in Sources */,
				DAA954CE2FB2865800B8C6EA /* SettingsView.swift in Sources */,
				DAA954CF2FB2865800B8C6EA /* ContentView.swift in Sources */,
				DAA954D02FB2865800B8C6EA /* Models.swift in Sources */,
				DAA954D12FB2865800B8C6EA /* savrApp.swift in Sources */,
			);
			runOnlyForDeploymentPostprocessing = 0;
		};
/* End PBXSourcesBuildPhase section */

/* Begin XCBuildConfiguration section */
		DAA954B22FB27AF800B8C6EA /* Debug */ = {
			isa = XCBuildConfiguration;
			buildSettings = {
				ALWAYS_SEARCH_USER_PATHS = NO;
				ASSETCATALOG_COMPILER_GENERATE_SWIFT_ASSET_SYMBOL_EXTENSIONS = YES;
				CLANG_ANALYZER_NONNULL = YES;
				CLANG_ANALYZER_NUMBER_OBJECT_CONVERSION = YES_AGGRESSIVE;
				CLANG_CXX_LANGUAGE_STANDARD = "gnu++20";
				CLANG_ENABLE_MODULES = YES;
				CLANG_ENABLE_OBJC_ARC = YES;
				CLANG_ENABLE_OBJC_WEAK = YES;
				CLANG_WARN_BLOCK_CAPTURE_AUTORELEASING = YES;
				CLANG_WARN_BOOL_CONVERSION = YES;
				CLANG_WARN_COMMA = YES;
				CLANG_WARN_CONSTANT_CONVERSION = YES;
				CLANG_WARN_DEPRECATED_OBJC_IMPLEMENTATIONS = YES;
				CLANG_WARN_DIRECT_OBJC_ISA_USAGE = YES_ERROR;
				CLANG_WARN_DOCUMENTATION_COMMENTS = YES;
				CLANG_WARN_EMPTY_BODY = YES;
				CLANG_WARN_ENUM_CONVERSION = YES;
				CLANG_WARN_INFINITE_RECURSION = YES;
				CLANG_WARN_INT_CONVERSION = YES;
				CLANG_WARN_NON_LITERAL_NULL_CONVERSION = YES;
				CLANG_WARN_OBJC_IMPLICIT_RETAIN_SELF = YES;
				CLANG_WARN_OBJC_LITERAL_CONVERSION = YES;
				CLANG_WARN_OBJC_ROOT_CLASS = YES_ERROR;
				CLANG_WARN_QUOTED_INCLUDE_IN_FRAMEWORK_HEADER = YES;
				CLANG_WARN_RANGE_LOOP_ANALYSIS = YES;
				CLANG_WARN_STRICT_PROTOTYPES = YES;
				CLANG_WARN_SUSPICIOUS_MOVE = YES;
				CLANG_WARN_UNGUARDED_AVAILABILITY = YES_AGGRESSIVE;
				CLANG_WARN_UNREACHABLE_CODE = YES;
				CLANG_WARN__DUPLICATE_METHOD_MATCH = YES;
				COPY_PHASE_STRIP = NO;
				DEBUG_INFORMATION_FORMAT = dwarf;
				DEVELOPMENT_TEAM = 73K3MSRADX;
				ENABLE_STRICT_OBJC_MSGSEND = YES;
				ENABLE_TESTABILITY = YES;
				ENABLE_USER_SCRIPT_SANDBOXING = YES;
				GCC_C_LANGUAGE_STANDARD = gnu17;
				GCC_DYNAMIC_NO_PIC = NO;
				GCC_NO_COMMON_BLOCKS = YES;
				GCC_OPTIMIZATION_LEVEL = 0;
				GCC_PREPROCESSOR_DEFINITIONS = (
					"DEBUG=1",
					"$(inherited)",
				);
				GCC_WARN_64_TO_32_BIT_CONVERSION = YES;
				GCC_WARN_ABOUT_RETURN_TYPE = YES_ERROR;
				GCC_WARN_UNDECLARED_SELECTOR = YES;
				GCC_WARN_UNINITIALIZED_AUTOS = YES_AGGRESSIVE;
				GCC_WARN_UNUSED_FUNCTION = YES;
				GCC_WARN_UNUSED_VARIABLE = YES;
				LOCALIZATION_PREFERS_STRING_CATALOGS = YES;
				MACOSX_DEPLOYMENT_TARGET = 26.3;
				MTL_ENABLE_DEBUG_INFO = INCLUDE_SOURCE;
				MTL_FAST_MATH = YES;
				ONLY_ACTIVE_ARCH = YES;
				SDKROOT = macosx;
				SWIFT_ACTIVE_COMPILATION_CONDITIONS = "DEBUG $(inherited)";
				SWIFT_OPTIMIZATION_LEVEL = "-Onone";
			};
			name = Debug;
		};
		DAA954B32FB27AF800B8C6EA /* Release */ = {
			isa = XCBuildConfiguration;
			buildSettings = {
				ALWAYS_SEARCH_USER_PATHS = NO;
				ASSETCATALOG_COMPILER_GENERATE_SWIFT_ASSET_SYMBOL_EXTENSIONS = YES;
				CLANG_ANALYZER_NONNULL = YES;
				CLANG_ANALYZER_NUMBER_OBJECT_CONVERSION = YES_AGGRESSIVE;
				CLANG_CXX_LANGUAGE_STANDARD = "gnu++20";
				CLANG_ENABLE_MODULES = YES;
				CLANG_ENABLE_OBJC_ARC = YES;
				CLANG_ENABLE_OBJC_WEAK = YES;
				CLANG_WARN_BLOCK_CAPTURE_AUTORELEASING = YES;
				CLANG_WARN_BOOL_CONVERSION = YES;
				CLANG_WARN_COMMA = YES;
				CLANG_WARN_CONSTANT_CONVERSION = YES;
				CLANG_WARN_DEPRECATED_OBJC_IMPLEMENTATIONS = YES;
				CLANG_WARN_DIRECT_OBJC_ISA_USAGE = YES_ERROR;
				CLANG_WARN_DOCUMENTATION_COMMENTS = YES;
				CLANG_WARN_EMPTY_BODY = YES;
				CLANG_WARN_ENUM_CONVERSION = YES;
				CLANG_WARN_INFINITE_RECURSION = YES;
				CLANG_WARN_INT_CONVERSION = YES;
				CLANG_WARN_NON_LITERAL_NULL_CONVERSION = YES;
				CLANG_WARN_OBJC_IMPLICIT_RETAIN_SELF = YES;
				CLANG_WARN_OBJC_LITERAL_CONVERSION = YES;
				CLANG_WARN_OBJC_ROOT_CLASS = YES_ERROR;
				CLANG_WARN_QUOTED_INCLUDE_IN_FRAMEWORK_HEADER = YES;
				CLANG_WARN_RANGE_LOOP_ANALYSIS = YES;
				CLANG_WARN_STRICT_PROTOTYPES = YES;
				CLANG_WARN_SUSPICIOUS_MOVE = YES;
				CLANG_WARN_UNGUARDED_AVAILABILITY = YES_AGGRESSIVE;
				CLANG_WARN_UNREACHABLE_CODE = YES;
				CLANG_WARN__DUPLICATE_METHOD_MATCH = YES;
				COPY_PHASE_STRIP = NO;
				DEBUG_INFORMATION_FORMAT = "dwarf-with-dsym";
				DEVELOPMENT_TEAM = 73K3MSRADX;
				ENABLE_NS_ASSERTIONS = NO;
				ENABLE_STRICT_OBJC_MSGSEND = YES;
				ENABLE_USER_SCRIPT_SANDBOXING = YES;
				GCC_C_LANGUAGE_STANDARD = gnu17;
				GCC_NO_COMMON_BLOCKS = YES;
				GCC_WARN_64_TO_32_BIT_CONVERSION = YES;
				GCC_WARN_ABOUT_RETURN_TYPE = YES_ERROR;
				GCC_WARN_UNDECLARED_SELECTOR = YES;
				GCC_WARN_UNINITIALIZED_AUTOS = YES_AGGRESSIVE;
				GCC_WARN_UNUSED_FUNCTION = YES;
				GCC_WARN_UNUSED_VARIABLE = YES;
				LOCALIZATION_PREFERS_STRING_CATALOGS = YES;
				MACOSX_DEPLOYMENT_TARGET = 26.3;
				MTL_ENABLE_DEBUG_INFO = NO;
				MTL_FAST_MATH = YES;
				SDKROOT = macosx;
				SWIFT_COMPILATION_MODE = wholemodule;
			};
			name = Release;
		};
		DAA954B52FB27AF800B8C6EA /* Debug */ = {
			isa = XCBuildConfiguration;
			buildSettings = {
				ASSETCATALOG_COMPILER_APPICON_NAME = AppIcon;
				ASSETCATALOG_COMPILER_GLOBAL_ACCENT_COLOR_NAME = AccentColor;
				"CODE_SIGN_IDENTITY[sdk=macosx*]" = "Apple Development";
				CODE_SIGN_STYLE = Automatic;
				COMBINE_HIDPI_IMAGES = YES;
				CURRENT_PROJECT_VERSION = 1;
				DEVELOPMENT_TEAM = 73K3MSRADX;
				ENABLE_APP_SANDBOX = YES;
				ENABLE_HARDENED_RUNTIME = YES;
				ENABLE_PREVIEWS = YES;
				ENABLE_USER_SELECTED_FILES = readonly;
				GENERATE_INFOPLIST_FILE = YES;
				INFOPLIST_KEY_LSUIElement = YES;
				INFOPLIST_KEY_NSHumanReadableCopyright = "©2026 Jacob Bolduc";
				LD_RUNPATH_SEARCH_PATHS = (
					"$(inherited)",
					"@executable_path/../Frameworks",
				);
				MACOSX_DEPLOYMENT_TARGET = 14;
				MARKETING_VERSION = 1.0;
				PRODUCT_BUNDLE_IDENTIFIER = com.jacobbolduc.savr;
				PRODUCT_NAME = "$(TARGET_NAME)";
				REGISTER_APP_GROUPS = YES;
				STRING_CATALOG_GENERATE_SYMBOLS = YES;
				SWIFT_APPROACHABLE_CONCURRENCY = YES;
				SWIFT_DEFAULT_ACTOR_ISOLATION = MainActor;
				SWIFT_EMIT_LOC_STRINGS = YES;
				SWIFT_UPCOMING_FEATURE_MEMBER_IMPORT_VISIBILITY = YES;
				SWIFT_VERSION = 5.0;
			};
			name = Debug;
		};
		DAA954B62FB27AF800B8C6EA /* Release */ = {
			isa = XCBuildConfiguration;
			buildSettings = {
				ASSETCATALOG_COMPILER_APPICON_NAME = AppIcon;
				ASSETCATALOG_COMPILER_GLOBAL_ACCENT_COLOR_NAME = AccentColor;
				"CODE_SIGN_IDENTITY[sdk=macosx*]" = "Apple Development";
				CODE_SIGN_STYLE = Automatic;
				COMBINE_HIDPI_IMAGES = YES;
				CURRENT_PROJECT_VERSION = 1;
				DEVELOPMENT_TEAM = 73K3MSRADX;
				ENABLE_APP_SANDBOX = YES;
				ENABLE_HARDENED_RUNTIME = YES;
				ENABLE_PREVIEWS = YES;
				ENABLE_USER_SELECTED_FILES = readonly;
				GENERATE_INFOPLIST_FILE = YES;
				INFOPLIST_KEY_LSUIElement = YES;
				INFOPLIST_KEY_NSHumanReadableCopyright = "©2026 Jacob Bolduc";
				LD_RUNPATH_SEARCH_PATHS = (
					"$(inherited)",
					"@executable_path/../Frameworks",
				);
				MACOSX_DEPLOYMENT_TARGET = 14;
				MARKETING_VERSION = 1.0;
				PRODUCT_BUNDLE_IDENTIFIER = com.jacobbolduc.savr;
				PRODUCT_NAME = "$(TARGET_NAME)";
				REGISTER_APP_GROUPS = YES;
				STRING_CATALOG_GENERATE_SYMBOLS = YES;
				SWIFT_APPROACHABLE_CONCURRENCY = YES;
				SWIFT_DEFAULT_ACTOR_ISOLATION = MainActor;
				SWIFT_EMIT_LOC_STRINGS = YES;
				SWIFT_UPCOMING_FEATURE_MEMBER_IMPORT_VISIBILITY = YES;
				SWIFT_VERSION = 5.0;
			};
			name = Release;
		};
/* End XCBuildConfiguration section */

/* Begin XCConfigurationList section */
		DAA954A42FB27AF600B8C6EA /* Build configuration list for PBXProject "savr" */ = {
			isa = XCConfigurationList;
			buildConfigurations = (
				DAA954B22FB27AF800B8C6EA /* Debug */,
				DAA954B32FB27AF800B8C6EA /* Release */,
			);
			defaultConfigurationIsVisible = 0;
			defaultConfigurationName = Release;
		};
		DAA954B42FB27AF800B8C6EA /* Build configuration list for PBXNativeTarget "savr" */ = {
			isa = XCConfigurationList;
			buildConfigurations = (
				DAA954B52FB27AF800B8C6EA /* Debug */,
				DAA954B62FB27AF800B8C6EA /* Release */,
			);
			defaultConfigurationIsVisible = 0;
			defaultConfigurationName = Release;
		};
/* End XCConfigurationList section */

/* Begin XCRemoteSwiftPackageReference section */
		DAA954C02FB27E9900B8C6EA /* XCRemoteSwiftPackageReference "KeyboardShortcuts" */ = {
			isa = XCRemoteSwiftPackageReference;
			repositoryURL = "https://github.com/sindresorhus/KeyboardShortcuts";
			requirement = {
				kind = upToNextMajorVersion;
				minimumVersion = 2.0.0;
			};
		};
/* End XCRemoteSwiftPackageReference section */

/* Begin XCSwiftPackageProductDependency section */
		DAA954C12FB27E9900B8C6EA /* KeyboardShortcuts */ = {
			isa = XCSwiftPackageProductDependency;
			package = DAA954C02FB27E9900B8C6EA /* XCRemoteSwiftPackageReference "KeyboardShortcuts" */;
			productName = KeyboardShortcuts;
		};
/* End XCSwiftPackageProductDependency section */
	};
	rootObject = DAA954A12FB27AF600B8C6EA /* Project object */;
}
